{
  "name": "main-app",
  "version": "0.0.0",
  "lockfileVersion": 3,
  "requires": true,
  "packages": {
    "": {
      "name": "main-app",
      "version": "0.0.0",
      "dependencies": {
        "garfish": "^1.19.2",
        "vue": "^3.4.35",
        "vue-router": "^4.4.3"
      },
      "devDependencies": {
        "@types/node": "^22.5.4",
        "@vitejs/plugin-vue": "^5.1.2",
        "typescript": "^5.5.3",
        "vite": "^5.4.0",
        "vue-tsc": "^2.0.29"
      }
    },
    "../../common/temp/node_modules/.pnpm/@vitejs+plugin-vue@5.1.3_vite@5.4.3_vue@3.5.3/node_modules/@vitejs/plugin-vue": {
      "version": "5.1.3",
      "dev": true,
      "license": "MIT",
      "devDependencies": {
        "@jridgewell/gen-mapping": "^0.3.5",
        "@jridgewell/trace-mapping": "^0.3.25",
        "debug": "^4.3.6",
        "rollup": "^4.21.1",
        "slash": "^5.1.0",
        "source-map-js": "^1.2.0",
        "vite": "^5.4.2",
        "vue": "^3.5.0-rc.1"
      },
      "engines": {
        "node": "^18.0.0 || >=20.0.0"
      },
      "peerDependencies": {
        "vite": "^5.0.0",
        "vue": "^3.2.25"
      }
    },
    "../../common/temp/node_modules/.pnpm/garfish@1.19.2/node_modules/garfish": {
      "version": "1.19.2",
      "license": "MIT",
      "dependencies": {
        "@garfish/browser-snapshot": "1.19.2",
        "@garfish/browser-vm": "1.19.2",
        "@garfish/core": "1.19.2",
        "@garfish/router": "1.19.2",
        "@garfish/utils": "1.19.2"
      },
      "devDependencies": {
        "@garfish/test-suite": "1.19.2"
      }
    },
    "../../common/temp/node_modules/.pnpm/typescript@5.5.4/node_modules/typescript": {
      "version": "5.5.4",
      "dev": true,
      "license": "Apache-2.0",
      "bin": {
        "tsc": "bin/tsc",
        "tsserver": "bin/tsserver"
      },
      "devDependencies": {
        "@dprint/formatter": "^0.3.0",
        "@dprint/typescript": "0.91.0",
        "@esfx/canceltoken": "^1.0.0",
        "@octokit/rest": "^20.1.1",
        "@types/chai": "^4.3.16",
        "@types/microsoft__typescript-etw": "^0.1.3",
        "@types/minimist": "^1.2.5",
        "@types/mocha": "^10.0.6",
        "@types/ms": "^0.7.34",
        "@types/node": "latest",
        "@types/source-map-support": "^0.5.10",
        "@types/which": "^3.0.3",
        "@typescript-eslint/eslint-plugin": "^7.11.0",
        "@typescript-eslint/parser": "^7.11.0",
        "@typescript-eslint/utils": "^7.11.0",
        "azure-devops-node-api": "^13.0.0",
        "c8": "^9.1.0",
        "chai": "^4.4.1",
        "chalk": "^4.1.2",
        "chokidar": "^3.6.0",
        "diff": "^5.2.0",
        "dprint": "^0.46.1",
        "esbuild": "^0.21.4",
        "eslint": "^8.57.0",
        "eslint-formatter-autolinkable-stylish": "^1.3.0",
        "eslint-plugin-local": "^4.2.2",
        "fast-xml-parser": "^4.4.0",
        "glob": "^10.4.1",
        "hereby": "^1.8.9",
        "jsonc-parser": "^3.2.1",
        "minimist": "^1.2.8",
        "mocha": "^10.4.0",
        "mocha-fivemat-progress-reporter": "^0.1.0",
        "ms": "^2.1.3",
        "node-fetch": "^3.3.2",
        "playwright": "^1.44.1",
        "source-map-support": "^0.5.21",
        "tslib": "^2.6.2",
        "typescript": "^5.4.5",
        "which": "^3.0.1"
      },
      "engines": {
        "node": ">=14.17"
      }
    },
    "../../common/temp/node_modules/.pnpm/vite@5.4.3/node_modules/vite": {
      "version": "5.4.3",
      "dev": true,
      "license": "MIT",
      "dependencies": {
        "esbuild": "^0.21.3",
        "postcss": "^8.4.43",
        "rollup": "^4.20.0"
      },
      "bin": {
        "vite": "bin/vite.js"
      },
      "devDependencies": {
        "@ampproject/remapping": "^2.3.0",
        "@babel/parser": "^7.25.6",
        "@jridgewell/trace-mapping": "^0.3.25",
        "@polka/compression": "^1.0.0-next.25",
        "@rollup/plugin-alias": "^5.1.0",
        "@rollup/plugin-commonjs": "^26.0.1",
        "@rollup/plugin-dynamic-import-vars": "^2.1.2",
        "@rollup/plugin-json": "^6.1.0",
        "@rollup/plugin-node-resolve": "15.2.3",
        "@rollup/pluginutils": "^5.1.0",
        "@types/escape-html": "^1.0.4",
        "@types/pnpapi": "^0.0.5",
        "artichokie": "^0.2.1",
        "cac": "^6.7.14",
        "chokidar": "^3.6.0",
        "connect": "^3.7.0",
        "convert-source-map": "^2.0.0",
        "cors": "^2.8.5",
        "cross-spawn": "^7.0.3",
        "debug": "^4.3.6",
        "dep-types": "link:./src/types",
        "dotenv": "^16.4.5",
        "dotenv-expand": "^11.0.6",
        "es-module-lexer": "^1.5.4",
        "escape-html": "^1.0.3",
        "estree-walker": "^3.0.3",
        "etag": "^1.8.1",
        "fast-glob": "^3.3.2",
        "http-proxy": "^1.18.1",
        "launch-editor-middleware": "^2.8.1",
        "lightningcss": "^1.26.0",
        "magic-string": "^0.30.11",
        "micromatch": "^4.0.8",
        "mlly": "^1.7.1",
        "mrmime": "^2.0.0",
        "open": "^8.4.2",
        "parse5": "^7.1.2",
        "pathe": "^1.1.2",
        "periscopic": "^4.0.2",
        "picocolors": "^1.0.1",
        "picomatch": "^2.3.1",
        "postcss-import": "^16.1.0",
        "postcss-load-config": "^4.0.2",
        "postcss-modules": "^6.0.0",
        "resolve.exports": "^2.0.2",
        "rollup-plugin-dts": "^6.1.1",
        "rollup-plugin-esbuild": "^6.1.1",
        "rollup-plugin-license": "^3.5.2",
        "sass": "^1.77.8",
        "sass-embedded": "^1.77.8",
        "sirv": "^2.0.4",
        "source-map-support": "^0.5.21",
        "strip-ansi": "^7.1.0",
        "strip-literal": "^2.1.0",
        "tsconfck": "^3.1.3",
        "tslib": "^2.7.0",
        "types": "link:./types",
        "ufo": "^1.5.4",
        "ws": "^8.18.0"
      },
      "engines": {
        "node": "^18.0.0 || >=20.0.0"
      },
      "funding": {
        "url": "https://github.com/vitejs/vite?sponsor=1"
      },
      "optionalDependencies": {
        "fsevents": "~2.3.3"
      },
      "peerDependencies": {
        "@types/node": "^18.0.0 || >=20.0.0",
        "less": "*",
        "lightningcss": "^1.21.0",
        "sass": "*",
        "sass-embedded": "*",
        "stylus": "*",
        "sugarss": "*",
        "terser": "^5.4.0"
      },
      "peerDependenciesMeta": {
        "@types/node": {
          "optional": true
        },
        "less": {
          "optional": true
        },
        "lightningcss": {
          "optional": true
        },
        "sass": {
          "optional": true
        },
        "sass-embedded": {
          "optional": true
        },
        "stylus": {
          "optional": true
        },
        "sugarss": {
          "optional": true
        },
        "terser": {
          "optional": true
        }
      }
    },
    "../../common/temp/node_modules/.pnpm/vue-router@4.4.3_vue@3.5.3/node_modules/vue-router": {
      "version": "4.4.3",
      "license": "MIT",
      "dependencies": {
        "@vue/devtools-api": "^6.6.3"
      },
      "devDependencies": {
        "@microsoft/api-extractor": "^7.40.1",
        "@rollup/plugin-alias": "^5.1.0",
        "@rollup/plugin-commonjs": "^25.0.7",
        "@rollup/plugin-node-resolve": "^15.2.3",
        "@rollup/plugin-replace": "^5.0.5",
        "@rollup/plugin-terser": "^0.4.4",
        "@types/jsdom": "^21.1.7",
        "@types/nightwatch": "^2.3.31",
        "@vitejs/plugin-vue": "^5.0.5",
        "@vitest/coverage-v8": "^1.6.0",
        "@vitest/ui": "^1.6.0",
        "@vue/compiler-sfc": "^3.4.29",
        "@vue/server-renderer": "^3.4.29",
        "@vue/test-utils": "^2.4.6",
        "browserstack-local": "^1.5.5",
        "chromedriver": "^121.0.2",
        "connect-history-api-fallback": "^1.6.0",
        "conventional-changelog-cli": "^2.1.1",
        "dotenv": "^16.4.5",
        "faked-promise": "^2.2.2",
        "geckodriver": "^3.2.0",
        "happy-dom": "^14.12.3",
        "nightwatch": "^2.6.22",
        "nightwatch-helpers": "^1.2.0",
        "rimraf": "^5.0.7",
        "rollup": "^3.29.4",
        "rollup-plugin-analyzer": "^4.0.0",
        "rollup-plugin-typescript2": "^0.36.0",
        "typescript": "~5.3.3",
        "vite": "^5.3.1",
        "vitest": "^1.6.0",
        "vue": "^3.4.29"
      },
      "funding": {
        "url": "https://github.com/sponsors/posva"
      },
      "peerDependencies": {
        "vue": "^3.2.0"
      }
    },
    "../../common/temp/node_modules/.pnpm/vue-tsc@2.1.6_typescript@5.5.4/node_modules/vue-tsc": {
      "version": "2.1.6",
      "dev": true,
      "license": "MIT",
      "dependencies": {
        "@volar/typescript": "~2.4.1",
        "@vue/language-core": "2.1.6",
        "semver": "^7.5.4"
      },
      "bin": {
        "vue-tsc": "bin/vue-tsc.js"
      },
      "devDependencies": {
        "@types/node": "latest"
      },
      "peerDependencies": {
        "typescript": ">=5.0.0"
      }
    },
    "../../common/temp/node_modules/.pnpm/vue@3.5.3_typescript@5.5.4/node_modules/vue": {
      "version": "3.5.3",
      "license": "MIT",
      "dependencies": {
        "@vue/compiler-dom": "3.5.3",
        "@vue/compiler-sfc": "3.5.3",
        "@vue/runtime-dom": "3.5.3",
        "@vue/server-renderer": "3.5.3",
        "@vue/shared": "3.5.3"
      },
      "peerDependencies": {
        "typescript": "*"
      },
      "peerDependenciesMeta": {
        "typescript": {
          "optional": true
        }
      }
    },
    "node_modules/@types/node": {
      "version": "22.5.4",
      "resolved": "https://registry.npmmirror.com/@types/node/-/node-22.5.4.tgz",
      "integrity": "sha512-FDuKUJQm/ju9fT/SeX/6+gBzoPzlVCzfzmGkwKvRHQVxi4BntVbyIwf6a4Xn62mrvndLiml6z/UBXIdEVjQLXg==",
      "dev": true,
      "dependencies": {
        "undici-types": "~6.19.2"
      }
    },
    "node_modules/@vitejs/plugin-vue": {
      "resolved": "../../common/temp/node_modules/.pnpm/@vitejs+plugin-vue@5.1.3_vite@5.4.3_vue@3.5.3/node_modules/@vitejs/plugin-vue",
      "link": true
    },
    "node_modules/garfish": {
      "resolved": "../../common/temp/node_modules/.pnpm/garfish@1.19.2/node_modules/garfish",
      "link": true
    },
    "node_modules/typescript": {
      "resolved": "../../common/temp/node_modules/.pnpm/typescript@5.5.4/node_modules/typescript",
      "link": true
    },
    "node_modules/undici-types": {
      "version": "6.19.8",
      "resolved": "https://registry.npmmirror.com/undici-types/-/undici-types-6.19.8.tgz",
      "integrity": "sha512-ve2KP6f/JnbPBFyobGHuerC9g1FYGn/F8n1LWTwNxCEzd6IfqTwUQcNXgEtmmQ6DlRrC1hrSrBnCZPokRrDHjw==",
      "dev": true
    },
    "node_modules/vite": {
      "resolved": "../../common/temp/node_modules/.pnpm/vite@5.4.3/node_modules/vite",
      "link": true
    },
    "node_modules/vue": {
      "resolved": "../../common/temp/node_modules/.pnpm/vue@3.5.3_typescript@5.5.4/node_modules/vue",
      "link": true
    },
    "node_modules/vue-router": {
      "resolved": "../../common/temp/node_modules/.pnpm/vue-router@4.4.3_vue@3.5.3/node_modules/vue-router",
      "link": true
    },
    "node_modules/vue-tsc": {
      "resolved": "../../common/temp/node_modules/.pnpm/vue-tsc@2.1.6_typescript@5.5.4/node_modules/vue-tsc",
      "link": true
    }
  }
}
